{
  "name": "@interactive/runtime",
  "lockfileVersion": 3,
  "requires": true,
  "packages": {
    "": {
      "name": "@interactive/runtime",
      "dependencies": {
        "@cellmax/katex-renderer": "github:cellmaxtechnologies/packages.katex-renderer",
        "@interactive/content": "file:../content",
        "@interactive/engine": "file:../engine",
        "katex": "^0.16.11"
      }
    },
    "../content": {
      "name": "@interactive/content",
      "version": "0.0.0"
    },
    "../engine": {
      "name": "@interactive/engine",
      "version": "0.0.0",
      "dependencies": {
        "@interactive/content": "file:../content"
      }
    },
    "node_modules/@cellmax/katex-renderer": {
      "version": "1.0.3",
      "resolved": "git+ssh://git@github.com/cellmaxtechnologies/packages.katex-renderer.git#b0481f89b92131be877bf4ad4a779a663190e468",
      "license": "MIT",
      "peerDependencies": {
        "katex": ">=0.16.0"
      }
    },
    "node_modules/@interactive/content": {
      "resolved": "../content",
      "link": true
    },
    "node_modules/@interactive/engine": {
      "resolved": "../engine",
      "link": true
    },
    "node_modules/commander": {
      "version": "8.3.0",
      "resolved": "https://registry.npmjs.org/commander/-/commander-8.3.0.tgz",
      "integrity": "sha512-OkTL9umf+He2DZkUq8f8J9of7yL6RJKI24dVITBmNfZBmri9zYZQrKkuXiKhyfPSu8tUhnVBB1iKXevvnlR4Ww==",
      "license": "MIT",
      "engines": {
        "node": ">= 12"
      }
    },
    "node_modules/katex": {
      "version": "0.16.27",
      "resolved": "https://registry.npmjs.org/katex/-/katex-0.16.27.tgz",
      "integrity": "sha512-aeQoDkuRWSqQN6nSvVCEFvfXdqo1OQiCmmW1kc9xSdjutPv7BGO7pqY9sQRJpMOGrEdfDgF2TfRXe5eUAD2Waw==",
      "funding": [
        "https://opencollective.com/katex",
        "https://github.com/sponsors/katex"
      ],
      "license": "MIT",
      "peer": true,
      "dependencies": {
        "commander": "^8.3.0"
      },
      "bin": {
        "katex": "cli.js"
      }
    }
  }
}
